
Microsoft Visual Studio Solution File, Format Version 12.00
# Visual Studio Version 16
VisualStudioVersion = 16.0.30128.74
MinimumVisualStudioVersion = 10.0.40219.1
Project("{9A19103F-16F7-4668-BE54-9A1E7A4F7556}") = "Panier", "Panier\Panier.csproj", "{5E5778CE-3819-4712-9511-DC41BB818B09}"
EndProject
Project("{9A19103F-16F7-4668-BE54-9A1E7A4F7556}") = "Panier.Core", "Panier.Core\Panier.Core.csproj", "{854982E4-5A77-45CD-90B3-02FA7FC8ABDC}"
EndProject
Project("{9A19103F-16F7-4668-BE54-9A1E7A4F7556}") = "Panier.UnitTests", "Panier.UnitTests\Panier.UnitTests.csproj", "{159A387D-2E70-49FA-BE5E-9E19E46752BC}"
EndProject
Project("{9A19103F-16F7-4668-BE54-9A1E7A4F7556}") = "Panier.Business", "Panier.Business\Panier.Business.csproj", "{1A1C1397-DA52-43E1-91AF-526CCFE0DDC3}"
EndProject
Project("{9A19103F-16F7-4668-BE54-9A1E7A4F7556}") = "Panier.Entities", "Panier.Entities\Panier.Entities.csproj", "{80D41B81-ED27-4F66-B7D5-2325DBC8372B}"
EndProject
Project("{9A19103F-16F7-4668-BE54-9A1E7A4F7556}") = "Panier.DataAccess", "Panier.DataAccess\Panier.DataAccess.csproj", "{F5B14035-C526-41A0-BA50-0B87B6B74A1D}"
EndProject
Project("{2150E333-8FDC-42A3-9474-1A3956D46DE8}") = "Solution Items", "Solution Items", "{88FEF1B1-F28C-4B39-9D8E-85FAAE82ED3A}"
	ProjectSection(SolutionItems) = preProject
		Summary.txt = Summary.txt
	EndProjectSection
EndProject
Global
	GlobalSection(SolutionConfigurationPlatforms) = preSolution
		Debug|Any CPU = Debug|Any CPU
		Release|Any CPU = Release|Any CPU
	EndGlobalSection
	GlobalSection(ProjectConfigurationPlatforms) = postSolution
		{5E5778CE-3819-4712-9511-DC41BB818B09}.Debug|Any CPU.ActiveCfg = Debug|Any CPU
		{5E5778CE-3819-4712-9511-DC41BB818B09}.Debug|Any CPU.Build.0 = Debug|Any CPU
		{5E5778CE-3819-4712-9511-DC41BB818B09}.Release|Any CPU.ActiveCfg = Release|Any CPU
		{5E5778CE-3819-4712-9511-DC41BB818B09}.Release|Any CPU.Build.0 = Release|Any CPU
		{854982E4-5A77-45CD-90B3-02FA7FC8ABDC}.Debug|Any CPU.ActiveCfg = Debug|Any CPU
		{854982E4-5A77-45CD-90B3-02FA7FC8ABDC}.Debug|Any CPU.Build.0 = Debug|Any CPU
		{854982E4-5A77-45CD-90B3-02FA7FC8ABDC}.Release|Any CPU.ActiveCfg = Release|Any CPU
		{854982E4-5A77-45CD-90B3-02FA7FC8ABDC}.Release|Any CPU.Build.0 = Release|Any CPU
		{159A387D-2E70-49FA-BE5E-9E19E46752BC}.Debug|Any CPU.ActiveCfg = Debug|Any CPU
		{159A387D-2E70-49FA-BE5E-9E19E46752BC}.Debug|Any CPU.Build.0 = Debug|Any CPU
		{159A387D-2E70-49FA-BE5E-9E19E46752BC}.Release|Any CPU.ActiveCfg = Release|Any CPU
		{159A387D-2E70-49FA-BE5E-9E19E46752BC}.Release|Any CPU.Build.0 = Release|Any CPU
		{1A1C1397-DA52-43E1-91AF-526CCFE0DDC3}.Debug|Any CPU.ActiveCfg = Debug|Any CPU
		{1A1C1397-DA52-43E1-91AF-526CCFE0DDC3}.Debug|Any CPU.Build.0 = Debug|Any CPU
		{1A1C1397-DA52-43E1-91AF-526CCFE0DDC3}.Release|Any CPU.ActiveCfg = Release|Any CPU
		{1A1C1397-DA52-43E1-91AF-526CCFE0DDC3}.Release|Any CPU.Build.0 = Release|Any CPU
		{80D41B81-ED27-4F66-B7D5-2325DBC8372B}.Debug|Any CPU.ActiveCfg = Debug|Any CPU
		{80D41B81-ED27-4F66-B7D5-2325DBC8372B}.Debug|Any CPU.Build.0 = Debug|Any CPU
		{80D41B81-ED27-4F66-B7D5-2325DBC8372B}.Release|Any CPU.ActiveCfg = Release|Any CPU
		{80D41B81-ED27-4F66-B7D5-2325DBC8372B}.Release|Any CPU.Build.0 = Release|Any CPU
		{F5B14035-C526-41A0-BA50-0B87B6B74A1D}.Debug|Any CPU.ActiveCfg = Debug|Any CPU
		{F5B14035-C526-41A0-BA50-0B87B6B74A1D}.Debug|Any CPU.Build.0 = Debug|Any CPU
		{F5B14035-C526-41A0-BA50-0B87B6B74A1D}.Release|Any CPU.ActiveCfg = Release|Any CPU
		{F5B14035-C526-41A0-BA50-0B87B6B74A1D}.Release|Any CPU.Build.0 = Release|Any CPU
	EndGlobalSection
	GlobalSection(SolutionProperties) = preSolution
		HideSolutionNode = FALSE
	EndGlobalSection
	GlobalSection(ExtensibilityGlobals) = postSolution
		SolutionGuid = {C56BB763-FA93-401E-B952-361032D6059A}
	EndGlobalSection
EndGlobal
